{
  "name": "laboratorio1",
  "version": "1.0.0",
  "lockfileVersion": 1,
  "requires": true,
  "dependencies": {
    "@fvillalobos14/fetcher": {
      "version": "1.0.2",
      "resolved": "https://registry.npmjs.org/@fvillalobos14/fetcher/-/fetcher-1.0.2.tgz",
      "integrity": "sha512-88dwXIiM1qqFb5nhR9elMQ07viPSm7QtaKVjuHbA+o18llaxB6bofJ/koDldDYj7W4y1/boLxVEyuTYsNN5CPA=="
    },
    "node-fetch": {
      "version": "2.6.0",
      "resolved": "https://registry.npmjs.org/node-fetch/-/node-fetch-2.6.0.tgz",
      "integrity": "sha512-8dG4H5ujfvFiqDmVu9fQ5bOHUC15JMjMY/Zumv26oOvvVJjM67KF8koCWIabKQ1GJIa9r2mMZscBq/TbdOcmNA==",
      "dev": true
    }
  }
}
